# THIS IS AN AUTOGENERATED FILE. DO NOT EDIT THIS FILE DIRECTLY.
# yarn lockfile v1


bootstrap-datepicker@~1.6.4:
  version "1.6.4"
  resolved "https://registry.yarnpkg.com/bootstrap-datepicker/-/bootstrap-datepicker-1.6.4.tgz#889ebeced8eaa2ff15ec1f273e4b07531cc43da0"
  dependencies:
    jquery ">=1.7.1"

bootstrap-select@^1.12.2:
  version "1.12.4"
  resolved "https://registry.yarnpkg.com/bootstrap-select/-/bootstrap-select-1.12.4.tgz#7f15d3c0ce978868d9c09c70f96624f55fa02ee1"
  dependencies:
    jquery ">=1.8"

bootstrap-switch@~3.3.4:
  version "3.3.4"
  resolved "https://registry.yarnpkg.com/bootstrap-switch/-/bootstrap-switch-3.3.4.tgz#70e0aeb2a877c0dc766991de108e2170fc29a2ff"

bootstrap-touchspin@~3.1.1:
  version "3.1.1"
  resolved "https://registry.yarnpkg.com/bootstrap-touchspin/-/bootstrap-touchspin-3.1.1.tgz#9779deac72aaf577e5e762b8512c747c871d9597"

bootstrap@3.3.x, bootstrap@^3.3, bootstrap@~3.3.7:
  version "3.3.7"
  resolved "https://registry.yarnpkg.com/bootstrap/-/bootstrap-3.3.7.tgz#5a389394549f23330875a3b150656574f8a9eb71"

c3@~0.4.11:
  version "0.4.18"
  resolved "https://registry.yarnpkg.com/c3/-/c3-0.4.18.tgz#6f1c4409635263b8a3de607edbab4bdc678c62cb"
  dependencies:
    d3 "~3.5.0"

d3@~3.5.0, d3@~3.5.17:
  version "3.5.17"
  resolved "https://registry.yarnpkg.com/d3/-/d3-3.5.17.tgz#bc46748004378b21a360c9fc7cf5231790762fb8"

datatables.net-bs@>=1.10.9:
  version "2.1.1"
  resolved "https://registry.yarnpkg.com/datatables.net-bs/-/datatables.net-bs-2.1.1.tgz#704108972891949d094bf44f53d0654d9fee7bce"
  dependencies:
    datatables.net ">=1.10.9"
    jquery ">=1.7"

datatables.net-colreorder-bs@~1.3.2:
  version "1.3.3"
  resolved "https://registry.yarnpkg.com/datatables.net-colreorder-bs/-/datatables.net-colreorder-bs-1.3.3.tgz#3a9dcb08deebeb5d854079591e06e493ad793a53"
  dependencies:
    datatables.net-bs ">=1.10.9"
    datatables.net-colreorder ">=1.2.0"
    jquery ">=1.7"

datatables.net-colreorder@>=1.2.0:
  version "1.4.1"
  resolved "https://registry.yarnpkg.com/datatables.net-colreorder/-/datatables.net-colreorder-1.4.1.tgz#389e4b1a274e203979a3718d86c5884d0a0166b6"
  dependencies:
    datatables.net "^1.10.15"
    jquery ">=1.7"

datatables.net-colreorder@~1.3.2:
  version "1.3.3"
  resolved "https://registry.yarnpkg.com/datatables.net-colreorder/-/datatables.net-colreorder-1.3.3.tgz#fc762e350f94224cb2cd45c2b962261a0fffef72"
  dependencies:
    datatables.net ">=1.10.9"
    jquery ">=1.7"

datatables.net-select@~1.2.0:
  version "1.2.3"
  resolved "https://registry.yarnpkg.com/datatables.net-select/-/datatables.net-select-1.2.3.tgz#7c272e81732a41214e101b656f5525d37ec37288"
  dependencies:
    datatables.net "^1.10.15"
    jquery ">=1.7"

datatables.net@>=1.10.9:
  version "2.1.1"
  resolved "https://registry.yarnpkg.com/datatables.net/-/datatables.net-2.1.1.tgz#6f1103ef08054642aecf85e7e25efd592822ee78"
  dependencies:
    jquery ">=1.7"

datatables.net@^1.10.15:
  version "1.10.16"
  resolved "https://registry.yarnpkg.com/datatables.net/-/datatables.net-1.10.16.tgz#4b052d1082824261b68eed9d22741b711d3d2469"
  dependencies:
    jquery ">=1.7"

drmonty-datatables-colvis@~1.1.2:
  version "1.1.2"
  resolved "https://registry.yarnpkg.com/drmonty-datatables-colvis/-/drmonty-datatables-colvis-1.1.2.tgz#96ab9edfb48643cc2edda3f87b88933cdee8127c"
  dependencies:
    jquery ">=1.7.0"

eonasdan-bootstrap-datetimepicker@^4.17.47:
  version "4.17.47"
  resolved "https://registry.yarnpkg.com/eonasdan-bootstrap-datetimepicker/-/eonasdan-bootstrap-datetimepicker-4.17.47.tgz#7a49970044065276e7965efd16f822735219e735"
  dependencies:
    bootstrap "^3.3"
    jquery "^1.8.3 || ^2.0 || ^3.0"
    moment "^2.10"
    moment-timezone "^0.4.0"

font-awesome@^4.7.0:
  version "4.7.0"
  resolved "https://registry.yarnpkg.com/font-awesome/-/font-awesome-4.7.0.tgz#8fa8cf0411a1a31afd07b06d2902bb9fc815a133"

google-code-prettify@~1.0.5:
  version "1.0.5"
  resolved "https://registry.yarnpkg.com/google-code-prettify/-/google-code-prettify-1.0.5.tgz#9f477f224dbfa62372e5ef803a7e157410400084"

jquery-match-height@^0.7.2:
  version "0.7.2"
  resolved "https://registry.yarnpkg.com/jquery-match-height/-/jquery-match-height-0.7.2.tgz#f8d9f3ba5314daab109cf07408674be204be5f0e"

"jquery@>= 2.1.x", jquery@>=1.7, jquery@>=1.7.0, jquery@>=1.7.1, jquery@>=1.8, "jquery@^1.8.3 || ^2.0 || ^3.0", jquery@~3.2.1:
  version "3.2.1"
  resolved "https://registry.yarnpkg.com/jquery/-/jquery-3.2.1.tgz#5c4d9de652af6cd0a770154a631bba12b015c787"

moment-timezone@^0.4.0, moment-timezone@^0.4.1:
  version "0.4.1"
  resolved "https://registry.yarnpkg.com/moment-timezone/-/moment-timezone-0.4.1.tgz#81f598c3ad5e22cdad796b67ecd8d88d0f5baa06"
  dependencies:
    moment ">= 2.6.0"

"moment@>= 2.6.0", moment@^2.10:
  version "2.18.1"
  resolved "https://registry.yarnpkg.com/moment/-/moment-2.18.1.tgz#c36193dd3ce1c2eed2adb7c802dbbc77a81b1c0f"

moment@~2.14.1:
  version "2.14.1"
  resolved "https://registry.yarnpkg.com/moment/-/moment-2.14.1.tgz#b35b27c47e57ed2ddc70053d6b07becdb291741c"

patternfly-bootstrap-combobox@~1.1.7:
  version "1.1.7"
  resolved "https://registry.yarnpkg.com/patternfly-bootstrap-combobox/-/patternfly-bootstrap-combobox-1.1.7.tgz#6a5e3ccd1170c21b3c4b4aa168a7413e1ddbb6e1"

patternfly-bootstrap-treeview@~2.1.0:
  version "2.1.5"
  resolved "https://registry.yarnpkg.com/patternfly-bootstrap-treeview/-/patternfly-bootstrap-treeview-2.1.5.tgz#4c29f2582fb8a2f28f0a928f2f0d324d21d6990d"
  dependencies:
    bootstrap "3.3.x"
    jquery ">= 2.1.x"

patternfly@^3.27.6:
  version "3.27.6"
  resolved "https://registry.yarnpkg.com/patternfly/-/patternfly-3.27.6.tgz#1d1b4bb1d8c8cbe5f77de4ebc3dc2af21cff6457"
  dependencies:
    bootstrap "~3.3.7"
    font-awesome "^4.7.0"
    jquery "~3.2.1"
  optionalDependencies:
    bootstrap-datepicker "~1.6.4"
    bootstrap-select "^1.12.2"
    bootstrap-switch "~3.3.4"
    bootstrap-touchspin "~3.1.1"
    c3 "~0.4.11"
    d3 "~3.5.17"
    datatables.net "^1.10.15"
    datatables.net-colreorder "~1.3.2"
    datatables.net-colreorder-bs "~1.3.2"
    datatables.net-select "~1.2.0"
    drmonty-datatables-colvis "~1.1.2"
    eonasdan-bootstrap-datetimepicker "^4.17.47"
    google-code-prettify "~1.0.5"
    jquery-match-height "^0.7.2"
    moment "~2.14.1"
    moment-timezone "^0.4.1"
    patternfly-bootstrap-combobox "~1.1.7"
    patternfly-bootstrap-treeview "~2.1.0"
